
Microsoft Visual Studio Solution File, Format Version 12.00
# Visual Studio Version 17
VisualStudioVersion = 17.0.31903.59
MinimumVisualStudioVersion = 10.0.40219.1
Project("{FAE04EC0-301F-11D3-BF4B-00C04F79EFBC}") = "domain", "domain\domain.csproj", "{DB6B9311-8B5B-49BF-A329-C36DF80DA75D}"
EndProject
Project("{FAE04EC0-301F-11D3-BF4B-00C04F79EFBC}") = "domain.tests", "domain.tests\domain.tests.csproj", "{2D41B20C-F029-4770-8A7E-60564317B41A}"
EndProject
Project("{FAE04EC0-301F-11D3-BF4B-00C04F79EFBC}") = "infrastructure", "infrastructure\infrastructure.csproj", "{932B45F4-B277-48D2-9970-9F377003CFE3}"
EndProject
Project("{FAE04EC0-301F-11D3-BF4B-00C04F79EFBC}") = "application", "application\application.csproj", "{768D27DB-8F6C-476B-9ED8-580CEB79E11B}"
EndProject
Project("{FAE04EC0-301F-11D3-BF4B-00C04F79EFBC}") = "persistence", "persistence\persistence.csproj", "{DEC2DEB5-66A3-4B7E-B96F-6598E46E177C}"
EndProject
Project("{FAE04EC0-301F-11D3-BF4B-00C04F79EFBC}") = "persistence.tests", "persistence.tests\persistence.tests.csproj", "{E4C687E1-C75C-4851-976A-83DE72EE90B6}"
EndProject
Global
	GlobalSection(SolutionConfigurationPlatforms) = preSolution
		Debug|Any CPU = Debug|Any CPU
		Debug|x64 = Debug|x64
		Debug|x86 = Debug|x86
		Release|Any CPU = Release|Any CPU
		Release|x64 = Release|x64
		Release|x86 = Release|x86
	EndGlobalSection
	GlobalSection(ProjectConfigurationPlatforms) = postSolution
		{DB6B9311-8B5B-49BF-A329-C36DF80DA75D}.Debug|Any CPU.ActiveCfg = Debug|Any CPU
		{DB6B9311-8B5B-49BF-A329-C36DF80DA75D}.Debug|Any CPU.Build.0 = Debug|Any CPU
		{DB6B9311-8B5B-49BF-A329-C36DF80DA75D}.Debug|x64.ActiveCfg = Debug|Any CPU
		{DB6B9311-8B5B-49BF-A329-C36DF80DA75D}.Debug|x64.Build.0 = Debug|Any CPU
		{DB6B9311-8B5B-49BF-A329-C36DF80DA75D}.Debug|x86.ActiveCfg = Debug|Any CPU
		{DB6B9311-8B5B-49BF-A329-C36DF80DA75D}.Debug|x86.Build.0 = Debug|Any CPU
		{DB6B9311-8B5B-49BF-A329-C36DF80DA75D}.Release|Any CPU.ActiveCfg = Release|Any CPU
		{DB6B9311-8B5B-49BF-A329-C36DF80DA75D}.Release|Any CPU.Build.0 = Release|Any CPU
		{DB6B9311-8B5B-49BF-A329-C36DF80DA75D}.Release|x64.ActiveCfg = Release|Any CPU
		{DB6B9311-8B5B-49BF-A329-C36DF80DA75D}.Release|x64.Build.0 = Release|Any CPU
		{DB6B9311-8B5B-49BF-A329-C36DF80DA75D}.Release|x86.ActiveCfg = Release|Any CPU
		{DB6B9311-8B5B-49BF-A329-C36DF80DA75D}.Release|x86.Build.0 = Release|Any CPU
		{2D41B20C-F029-4770-8A7E-60564317B41A}.Debug|Any CPU.ActiveCfg = Debug|Any CPU
		{2D41B20C-F029-4770-8A7E-60564317B41A}.Debug|Any CPU.Build.0 = Debug|Any CPU
		{2D41B20C-F029-4770-8A7E-60564317B41A}.Debug|x64.ActiveCfg = Debug|Any CPU
		{2D41B20C-F029-4770-8A7E-60564317B41A}.Debug|x64.Build.0 = Debug|Any CPU
		{2D41B20C-F029-4770-8A7E-60564317B41A}.Debug|x86.ActiveCfg = Debug|Any CPU
		{2D41B20C-F029-4770-8A7E-60564317B41A}.Debug|x86.Build.0 = Debug|Any CPU
		{2D41B20C-F029-4770-8A7E-60564317B41A}.Release|Any CPU.ActiveCfg = Release|Any CPU
		{2D41B20C-F029-4770-8A7E-60564317B41A}.Release|Any CPU.Build.0 = Release|Any CPU
		{2D41B20C-F029-4770-8A7E-60564317B41A}.Release|x64.ActiveCfg = Release|Any CPU
		{2D41B20C-F029-4770-8A7E-60564317B41A}.Release|x64.Build.0 = Release|Any CPU
		{2D41B20C-F029-4770-8A7E-60564317B41A}.Release|x86.ActiveCfg = Release|Any CPU
		{2D41B20C-F029-4770-8A7E-60564317B41A}.Release|x86.Build.0 = Release|Any CPU
		{932B45F4-B277-48D2-9970-9F377003CFE3}.Debug|Any CPU.ActiveCfg = Debug|Any CPU
		{932B45F4-B277-48D2-9970-9F377003CFE3}.Debug|Any CPU.Build.0 = Debug|Any CPU
		{932B45F4-B277-48D2-9970-9F377003CFE3}.Debug|x64.ActiveCfg = Debug|Any CPU
		{932B45F4-B277-48D2-9970-9F377003CFE3}.Debug|x64.Build.0 = Debug|Any CPU
		{932B45F4-B277-48D2-9970-9F377003CFE3}.Debug|x86.ActiveCfg = Debug|Any CPU
		{932B45F4-B277-48D2-9970-9F377003CFE3}.Debug|x86.Build.0 = Debug|Any CPU
		{932B45F4-B277-48D2-9970-9F377003CFE3}.Release|Any CPU.ActiveCfg = Release|Any CPU
		{932B45F4-B277-48D2-9970-9F377003CFE3}.Release|Any CPU.Build.0 = Release|Any CPU
		{932B45F4-B277-48D2-9970-9F377003CFE3}.Release|x64.ActiveCfg = Release|Any CPU
		{932B45F4-B277-48D2-9970-9F377003CFE3}.Release|x64.Build.0 = Release|Any CPU
		{932B45F4-B277-48D2-9970-9F377003CFE3}.Release|x86.ActiveCfg = Release|Any CPU
		{932B45F4-B277-48D2-9970-9F377003CFE3}.Release|x86.Build.0 = Release|Any CPU
		{768D27DB-8F6C-476B-9ED8-580CEB79E11B}.Debug|Any CPU.ActiveCfg = Debug|Any CPU
		{768D27DB-8F6C-476B-9ED8-580CEB79E11B}.Debug|Any CPU.Build.0 = Debug|Any CPU
		{768D27DB-8F6C-476B-9ED8-580CEB79E11B}.Debug|x64.ActiveCfg = Debug|Any CPU
		{768D27DB-8F6C-476B-9ED8-580CEB79E11B}.Debug|x64.Build.0 = Debug|Any CPU
		{768D27DB-8F6C-476B-9ED8-580CEB79E11B}.Debug|x86.ActiveCfg = Debug|Any CPU
		{768D27DB-8F6C-476B-9ED8-580CEB79E11B}.Debug|x86.Build.0 = Debug|Any CPU
		{768D27DB-8F6C-476B-9ED8-580CEB79E11B}.Release|Any CPU.ActiveCfg = Release|Any CPU
		{768D27DB-8F6C-476B-9ED8-580CEB79E11B}.Release|Any CPU.Build.0 = Release|Any CPU
		{768D27DB-8F6C-476B-9ED8-580CEB79E11B}.Release|x64.ActiveCfg = Release|Any CPU
		{768D27DB-8F6C-476B-9ED8-580CEB79E11B}.Release|x64.Build.0 = Release|Any CPU
		{768D27DB-8F6C-476B-9ED8-580CEB79E11B}.Release|x86.ActiveCfg = Release|Any CPU
		{768D27DB-8F6C-476B-9ED8-580CEB79E11B}.Release|x86.Build.0 = Release|Any CPU
		{DEC2DEB5-66A3-4B7E-B96F-6598E46E177C}.Debug|Any CPU.ActiveCfg = Debug|Any CPU
		{DEC2DEB5-66A3-4B7E-B96F-6598E46E177C}.Debug|Any CPU.Build.0 = Debug|Any CPU
		{DEC2DEB5-66A3-4B7E-B96F-6598E46E177C}.Debug|x64.ActiveCfg = Debug|Any CPU
		{DEC2DEB5-66A3-4B7E-B96F-6598E46E177C}.Debug|x64.Build.0 = Debug|Any CPU
		{DEC2DEB5-66A3-4B7E-B96F-6598E46E177C}.Debug|x86.ActiveCfg = Debug|Any CPU
		{DEC2DEB5-66A3-4B7E-B96F-6598E46E177C}.Debug|x86.Build.0 = Debug|Any CPU
		{DEC2DEB5-66A3-4B7E-B96F-6598E46E177C}.Release|Any CPU.ActiveCfg = Release|Any CPU
		{DEC2DEB5-66A3-4B7E-B96F-6598E46E177C}.Release|Any CPU.Build.0 = Release|Any CPU
		{DEC2DEB5-66A3-4B7E-B96F-6598E46E177C}.Release|x64.ActiveCfg = Release|Any CPU
		{DEC2DEB5-66A3-4B7E-B96F-6598E46E177C}.Release|x64.Build.0 = Release|Any CPU
		{DEC2DEB5-66A3-4B7E-B96F-6598E46E177C}.Release|x86.ActiveCfg = Release|Any CPU
		{DEC2DEB5-66A3-4B7E-B96F-6598E46E177C}.Release|x86.Build.0 = Release|Any CPU
		{E4C687E1-C75C-4851-976A-83DE72EE90B6}.Debug|Any CPU.ActiveCfg = Debug|Any CPU
		{E4C687E1-C75C-4851-976A-83DE72EE90B6}.Debug|Any CPU.Build.0 = Debug|Any CPU
		{E4C687E1-C75C-4851-976A-83DE72EE90B6}.Debug|x64.ActiveCfg = Debug|Any CPU
		{E4C687E1-C75C-4851-976A-83DE72EE90B6}.Debug|x64.Build.0 = Debug|Any CPU
		{E4C687E1-C75C-4851-976A-83DE72EE90B6}.Debug|x86.ActiveCfg = Debug|Any CPU
		{E4C687E1-C75C-4851-976A-83DE72EE90B6}.Debug|x86.Build.0 = Debug|Any CPU
		{E4C687E1-C75C-4851-976A-83DE72EE90B6}.Release|Any CPU.ActiveCfg = Release|Any CPU
		{E4C687E1-C75C-4851-976A-83DE72EE90B6}.Release|Any CPU.Build.0 = Release|Any CPU
		{E4C687E1-C75C-4851-976A-83DE72EE90B6}.Release|x64.ActiveCfg = Release|Any CPU
		{E4C687E1-C75C-4851-976A-83DE72EE90B6}.Release|x64.Build.0 = Release|Any CPU
		{E4C687E1-C75C-4851-976A-83DE72EE90B6}.Release|x86.ActiveCfg = Release|Any CPU
		{E4C687E1-C75C-4851-976A-83DE72EE90B6}.Release|x86.Build.0 = Release|Any CPU
	EndGlobalSection
	GlobalSection(SolutionProperties) = preSolution
		HideSolutionNode = FALSE
	EndGlobalSection
EndGlobal
